
Microsoft Visual Studio Solution File, Format Version 12.00
Project("{8BC9CEB8-8B4A-11D0-8D11-00A0C91BC942}") = "_02_Development_Environment", "_02_Development_Environment\_02_Development_Environment.vcxproj", "{F61D4547-73EB-46A4-9ADA-E22742FA579A}"
EndProject
Project("{8BC9CEB8-8B4A-11D0-8D11-00A0C91BC942}") = "_03_Base_Code", "_03_Base_Code\_03_Base_Code.vcxproj", "{F61D4547-73EB-46A4-9ADA-E22742FA579A}"
EndProject
Project("{8BC9CEB8-8B4A-11D0-8D11-00A0C91BC942}") = "_04_Instance", "_04_Instance\_04_Instance.vcxproj", "{29323D26-1E63-4CFE-BA97-412F29AF3264}"
EndProject
Project("{8BC9CEB8-8B4A-11D0-8D11-00A0C91BC942}") = "_05_Validation_Layers", "_05_Validation_Layers\_05_Validation_Layers.vcxproj", "{88F50417-CE01-47B2-A397-060C7221DA63}"
EndProject
Project("{8BC9CEB8-8B4A-11D0-8D11-00A0C91BC942}") = "_05a_Refactor_Validation_Layer", "_05a_Refactor_Validation_Layer\_05a_Refactor_Validation_Layer.vcxproj", "{6AE1A465-3D29-48B7-819D-9854465B20A3}"
EndProject
Project("{8BC9CEB8-8B4A-11D0-8D11-00A0C91BC942}") = "_06_Physical_Devices_Queue_Families", "_06_Physical_Devices_Queue_Families\_06_Physical_Devices_Queue_Families.vcxproj", "{F657864E-E0A2-4CEA-A73A-1278EDF1A76F}"
EndProject
Project("{8BC9CEB8-8B4A-11D0-8D11-00A0C91BC942}") = "_07_Logical_Device_Queue", "_07_Logical_Device_Queue\_07_Logical_Device_Queue.vcxproj", "{A57C5A1A-7E59-4FF0-AA2A-5E67D60D1653}"
EndProject
Project("{8BC9CEB8-8B4A-11D0-8D11-00A0C91BC942}") = "_08_Window_Surface", "_08_Window_Surface\_08_Window_Surface.vcxproj", "{98DAAD03-9FCC-42A7-8018-B32720E0C98F}"
EndProject
Project("{8BC9CEB8-8B4A-11D0-8D11-00A0C91BC942}") = "_09_SwapChain", "_09_SwapChain\_09_SwapChain.vcxproj", "{B705CD77-BA73-479C-B544-219F51F610A5}"
EndProject
Project("{8BC9CEB8-8B4A-11D0-8D11-00A0C91BC942}") = "_10_ImageView", "_10_ImageView\_10_ImageView.vcxproj", "{F9C3110E-CBAD-4447-9FB6-42364E0393E9}"
EndProject
Project("{8BC9CEB8-8B4A-11D0-8D11-00A0C91BC942}") = "_11_Graphics_Pipeline_Introduction", "_11_Graphics_Pipeline_Introduction\_11_Graphics_Pipeline_Introduction.vcxproj", "{369024EE-E7AD-4387-A14C-4CF9C4E55344}"
EndProject
Project("{8BC9CEB8-8B4A-11D0-8D11-00A0C91BC942}") = "_12_Shader_Modules", "_12_Shader_Modules\_12_Shader_Modules.vcxproj", "{D6E7CEAE-CA0C-4E7E-8C9D-E38B6A9E519C}"
EndProject
Project("{8BC9CEB8-8B4A-11D0-8D11-00A0C91BC942}") = "_13_Fixed_Functions", "_13_Fixed_Functions\_13_Fixed_Functions.vcxproj", "{6858D942-89F0-44D6-AEAE-2A7711059DCE}"
EndProject
Project("{8BC9CEB8-8B4A-11D0-8D11-00A0C91BC942}") = "_14_Render_passes", "_14_Render_passes\_14_Render_passes.vcxproj", "{7AA2206E-E3C0-48DC-8862-251FE2379043}"
EndProject
Project("{8BC9CEB8-8B4A-11D0-8D11-00A0C91BC942}") = "_15_Pipeline_Conclusion", "_15_Pipeline_Conclusion\_15_Pipeline_Conclusion.vcxproj", "{F4CE9D8E-9C9C-4E4F-9B6D-C95896A1BD25}"
EndProject
Project("{8BC9CEB8-8B4A-11D0-8D11-00A0C91BC942}") = "_16_FrameBuffers", "_16_FrameBuffers\_16_FrameBuffers.vcxproj", "{04E1428B-B6D1-4589-8CF2-F62ABB843B56}"
EndProject
Project("{8BC9CEB8-8B4A-11D0-8D11-00A0C91BC942}") = "_17_CommandBuffers", "_17_CommandBuffers\_17_CommandBuffers.vcxproj", "{C16948BC-2E7E-41A2-B205-1EF612617D35}"
EndProject
Project("{8BC9CEB8-8B4A-11D0-8D11-00A0C91BC942}") = "_18_RenderingAndPresentation", "_18_RenderingAndPresentation\_18_RenderingAndPresentation.vcxproj", "{4E43CFDB-AF6E-4151-9D89-3B0D9013C420}"
EndProject
Project("{8BC9CEB8-8B4A-11D0-8D11-00A0C91BC942}") = "_19_FramesInFlight", "_19_FramesInFlight\_19_FramesInFlight.vcxproj", "{2D11FB48-F911-429E-977F-A6A749CC73DC}"
EndProject
Project("{8BC9CEB8-8B4A-11D0-8D11-00A0C91BC942}") = "_20_SwapChainRecreation", "_20_SwapChainRecreation\_20_SwapChainRecreation.vcxproj", "{D26EA256-4D74-468B-9910-C33AA416CDAE}"
EndProject
Project("{8BC9CEB8-8B4A-11D0-8D11-00A0C91BC942}") = "_21_VertexInputDescriptionAndBufferCreation", "_21_VertexInputDescriptionAndBufferCreation\_21_VertexInputDescriptionAndBufferCreation.vcxproj", "{8D6CC3B0-106F-4A53-B797-4D607BC2FFAE}"
EndProject
Project("{8BC9CEB8-8B4A-11D0-8D11-00A0C91BC942}") = "_22_StagingBuffer", "_22_StagingBuffer\_22_StagingBuffer.vcxproj", "{065705F5-CA48-43BC-BA2D-542649D3EEC5}"
EndProject
Project("{8BC9CEB8-8B4A-11D0-8D11-00A0C91BC942}") = "_23_IndexBuffer", "_23_IndexBuffer\_23_IndexBuffer.vcxproj", "{590DCC6F-59CA-4ACB-AB71-25B8B04FD7BB}"
EndProject
Global
	GlobalSection(SolutionConfigurationPlatforms) = preSolution
		Debug|Win32 = Debug|Win32
		Debug|x64 = Debug|x64
		Release|Win32 = Release|Win32
		Release|x64 = Release|x64
	EndGlobalSection
	GlobalSection(ProjectConfigurationPlatforms) = postSolution
		{F61D4547-73EB-46A4-9ADA-E22742FA579A}.Debug|Win32.ActiveCfg = Debug|Win32
		{F61D4547-73EB-46A4-9ADA-E22742FA579A}.Debug|Win32.Build.0 = Debug|Win32
		{F61D4547-73EB-46A4-9ADA-E22742FA579A}.Debug|x64.ActiveCfg = Debug|x64
		{F61D4547-73EB-46A4-9ADA-E22742FA579A}.Debug|x64.Build.0 = Debug|x64
		{F61D4547-73EB-46A4-9ADA-E22742FA579A}.Release|Win32.ActiveCfg = Release|Win32
		{F61D4547-73EB-46A4-9ADA-E22742FA579A}.Release|Win32.Build.0 = Release|Win32
		{F61D4547-73EB-46A4-9ADA-E22742FA579A}.Release|x64.ActiveCfg = Release|x64
		{F61D4547-73EB-46A4-9ADA-E22742FA579A}.Release|x64.Build.0 = Release|x64
		{29323D26-1E63-4CFE-BA97-412F29AF3264}.Debug|Win32.ActiveCfg = Debug|Win32
		{29323D26-1E63-4CFE-BA97-412F29AF3264}.Debug|Win32.Build.0 = Debug|Win32
		{29323D26-1E63-4CFE-BA97-412F29AF3264}.Debug|x64.ActiveCfg = Debug|x64
		{29323D26-1E63-4CFE-BA97-412F29AF3264}.Debug|x64.Build.0 = Debug|x64
		{29323D26-1E63-4CFE-BA97-412F29AF3264}.Release|Win32.ActiveCfg = Release|Win32
		{29323D26-1E63-4CFE-BA97-412F29AF3264}.Release|Win32.Build.0 = Release|Win32
		{29323D26-1E63-4CFE-BA97-412F29AF3264}.Release|x64.ActiveCfg = Release|x64
		{29323D26-1E63-4CFE-BA97-412F29AF3264}.Release|x64.Build.0 = Release|x64
		{88F50417-CE01-47B2-A397-060C7221DA63}.Debug|Win32.ActiveCfg = Debug|Win32
		{88F50417-CE01-47B2-A397-060C7221DA63}.Debug|Win32.Build.0 = Debug|Win32
		{88F50417-CE01-47B2-A397-060C7221DA63}.Debug|x64.ActiveCfg = Debug|x64
		{88F50417-CE01-47B2-A397-060C7221DA63}.Debug|x64.Build.0 = Debug|x64
		{88F50417-CE01-47B2-A397-060C7221DA63}.Release|Win32.ActiveCfg = Release|Win32
		{88F50417-CE01-47B2-A397-060C7221DA63}.Release|Win32.Build.0 = Release|Win32
		{88F50417-CE01-47B2-A397-060C7221DA63}.Release|x64.ActiveCfg = Release|x64
		{88F50417-CE01-47B2-A397-060C7221DA63}.Release|x64.Build.0 = Release|x64
		{6AE1A465-3D29-48B7-819D-9854465B20A3}.Debug|Win32.ActiveCfg = Debug|Win32
		{6AE1A465-3D29-48B7-819D-9854465B20A3}.Debug|Win32.Build.0 = Debug|Win32
		{6AE1A465-3D29-48B7-819D-9854465B20A3}.Debug|x64.ActiveCfg = Debug|x64
		{6AE1A465-3D29-48B7-819D-9854465B20A3}.Debug|x64.Build.0 = Debug|x64
		{6AE1A465-3D29-48B7-819D-9854465B20A3}.Release|Win32.ActiveCfg = Release|Win32
		{6AE1A465-3D29-48B7-819D-9854465B20A3}.Release|Win32.Build.0 = Release|Win32
		{6AE1A465-3D29-48B7-819D-9854465B20A3}.Release|x64.ActiveCfg = Release|x64
		{6AE1A465-3D29-48B7-819D-9854465B20A3}.Release|x64.Build.0 = Release|x64
		{F657864E-E0A2-4CEA-A73A-1278EDF1A76F}.Debug|Win32.ActiveCfg = Debug|Win32
		{F657864E-E0A2-4CEA-A73A-1278EDF1A76F}.Debug|Win32.Build.0 = Debug|Win32
		{F657864E-E0A2-4CEA-A73A-1278EDF1A76F}.Debug|x64.ActiveCfg = Debug|x64
		{F657864E-E0A2-4CEA-A73A-1278EDF1A76F}.Debug|x64.Build.0 = Debug|x64
		{F657864E-E0A2-4CEA-A73A-1278EDF1A76F}.Release|Win32.ActiveCfg = Release|Win32
		{F657864E-E0A2-4CEA-A73A-1278EDF1A76F}.Release|Win32.Build.0 = Release|Win32
		{F657864E-E0A2-4CEA-A73A-1278EDF1A76F}.Release|x64.ActiveCfg = Release|x64
		{F657864E-E0A2-4CEA-A73A-1278EDF1A76F}.Release|x64.Build.0 = Release|x64
		{A57C5A1A-7E59-4FF0-AA2A-5E67D60D1653}.Debug|Win32.ActiveCfg = Debug|Win32
		{A57C5A1A-7E59-4FF0-AA2A-5E67D60D1653}.Debug|Win32.Build.0 = Debug|Win32
		{A57C5A1A-7E59-4FF0-AA2A-5E67D60D1653}.Debug|x64.ActiveCfg = Debug|x64
		{A57C5A1A-7E59-4FF0-AA2A-5E67D60D1653}.Debug|x64.Build.0 = Debug|x64
		{A57C5A1A-7E59-4FF0-AA2A-5E67D60D1653}.Release|Win32.ActiveCfg = Release|Win32
		{A57C5A1A-7E59-4FF0-AA2A-5E67D60D1653}.Release|Win32.Build.0 = Release|Win32
		{A57C5A1A-7E59-4FF0-AA2A-5E67D60D1653}.Release|x64.ActiveCfg = Release|x64
		{A57C5A1A-7E59-4FF0-AA2A-5E67D60D1653}.Release|x64.Build.0 = Release|x64
		{98DAAD03-9FCC-42A7-8018-B32720E0C98F}.Debug|Win32.ActiveCfg = Debug|Win32
		{98DAAD03-9FCC-42A7-8018-B32720E0C98F}.Debug|Win32.Build.0 = Debug|Win32
		{98DAAD03-9FCC-42A7-8018-B32720E0C98F}.Debug|x64.ActiveCfg = Debug|x64
		{98DAAD03-9FCC-42A7-8018-B32720E0C98F}.Debug|x64.Build.0 = Debug|x64
		{98DAAD03-9FCC-42A7-8018-B32720E0C98F}.Release|Win32.ActiveCfg = Release|Win32
		{98DAAD03-9FCC-42A7-8018-B32720E0C98F}.Release|Win32.Build.0 = Release|Win32
		{98DAAD03-9FCC-42A7-8018-B32720E0C98F}.Release|x64.ActiveCfg = Release|x64
		{98DAAD03-9FCC-42A7-8018-B32720E0C98F}.Release|x64.Build.0 = Release|x64
		{B705CD77-BA73-479C-B544-219F51F610A5}.Debug|Win32.ActiveCfg = Debug|Win32
		{B705CD77-BA73-479C-B544-219F51F610A5}.Debug|Win32.Build.0 = Debug|Win32
		{B705CD77-BA73-479C-B544-219F51F610A5}.Debug|x64.ActiveCfg = Debug|x64
		{B705CD77-BA73-479C-B544-219F51F610A5}.Debug|x64.Build.0 = Debug|x64
		{B705CD77-BA73-479C-B544-219F51F610A5}.Release|Win32.ActiveCfg = Release|Win32
		{B705CD77-BA73-479C-B544-219F51F610A5}.Release|Win32.Build.0 = Release|Win32
		{B705CD77-BA73-479C-B544-219F51F610A5}.Release|x64.ActiveCfg = Release|x64
		{B705CD77-BA73-479C-B544-219F51F610A5}.Release|x64.Build.0 = Release|x64
		{F9C3110E-CBAD-4447-9FB6-42364E0393E9}.Debug|Win32.ActiveCfg = Debug|Win32
		{F9C3110E-CBAD-4447-9FB6-42364E0393E9}.Debug|Win32.Build.0 = Debug|Win32
		{F9C3110E-CBAD-4447-9FB6-42364E0393E9}.Debug|x64.ActiveCfg = Debug|x64
		{F9C3110E-CBAD-4447-9FB6-42364E0393E9}.Debug|x64.Build.0 = Debug|x64
		{F9C3110E-CBAD-4447-9FB6-42364E0393E9}.Release|Win32.ActiveCfg = Release|Win32
		{F9C3110E-CBAD-4447-9FB6-42364E0393E9}.Release|Win32.Build.0 = Release|Win32
		{F9C3110E-CBAD-4447-9FB6-42364E0393E9}.Release|x64.ActiveCfg = Release|x64
		{F9C3110E-CBAD-4447-9FB6-42364E0393E9}.Release|x64.Build.0 = Release|x64
		{369024EE-E7AD-4387-A14C-4CF9C4E55344}.Debug|Win32.ActiveCfg = Debug|Win32
		{369024EE-E7AD-4387-A14C-4CF9C4E55344}.Debug|Win32.Build.0 = Debug|Win32
		{369024EE-E7AD-4387-A14C-4CF9C4E55344}.Debug|x64.ActiveCfg = Debug|x64
		{369024EE-E7AD-4387-A14C-4CF9C4E55344}.Debug|x64.Build.0 = Debug|x64
		{369024EE-E7AD-4387-A14C-4CF9C4E55344}.Release|Win32.ActiveCfg = Release|Win32
		{369024EE-E7AD-4387-A14C-4CF9C4E55344}.Release|Win32.Build.0 = Release|Win32
		{369024EE-E7AD-4387-A14C-4CF9C4E55344}.Release|x64.ActiveCfg = Release|x64
		{369024EE-E7AD-4387-A14C-4CF9C4E55344}.Release|x64.Build.0 = Release|x64
		{D6E7CEAE-CA0C-4E7E-8C9D-E38B6A9E519C}.Debug|Win32.ActiveCfg = Debug|Win32
		{D6E7CEAE-CA0C-4E7E-8C9D-E38B6A9E519C}.Debug|Win32.Build.0 = Debug|Win32
		{D6E7CEAE-CA0C-4E7E-8C9D-E38B6A9E519C}.Debug|x64.ActiveCfg = Debug|x64
		{D6E7CEAE-CA0C-4E7E-8C9D-E38B6A9E519C}.Debug|x64.Build.0 = Debug|x64
		{D6E7CEAE-CA0C-4E7E-8C9D-E38B6A9E519C}.Release|Win32.ActiveCfg = Release|Win32
		{D6E7CEAE-CA0C-4E7E-8C9D-E38B6A9E519C}.Release|Win32.Build.0 = Release|Win32
		{D6E7CEAE-CA0C-4E7E-8C9D-E38B6A9E519C}.Release|x64.ActiveCfg = Release|x64
		{D6E7CEAE-CA0C-4E7E-8C9D-E38B6A9E519C}.Release|x64.Build.0 = Release|x64
		{6858D942-89F0-44D6-AEAE-2A7711059DCE}.Debug|Win32.ActiveCfg = Debug|Win32
		{6858D942-89F0-44D6-AEAE-2A7711059DCE}.Debug|Win32.Build.0 = Debug|Win32
		{6858D942-89F0-44D6-AEAE-2A7711059DCE}.Debug|x64.ActiveCfg = Debug|x64
		{6858D942-89F0-44D6-AEAE-2A7711059DCE}.Debug|x64.Build.0 = Debug|x64
		{6858D942-89F0-44D6-AEAE-2A7711059DCE}.Release|Win32.ActiveCfg = Release|Win32
		{6858D942-89F0-44D6-AEAE-2A7711059DCE}.Release|Win32.Build.0 = Release|Win32
		{6858D942-89F0-44D6-AEAE-2A7711059DCE}.Release|x64.ActiveCfg = Release|x64
		{6858D942-89F0-44D6-AEAE-2A7711059DCE}.Release|x64.Build.0 = Release|x64
		{7AA2206E-E3C0-48DC-8862-251FE2379043}.Debug|Win32.ActiveCfg = Debug|Win32
		{7AA2206E-E3C0-48DC-8862-251FE2379043}.Debug|Win32.Build.0 = Debug|Win32
		{7AA2206E-E3C0-48DC-8862-251FE2379043}.Debug|x64.ActiveCfg = Debug|x64
		{7AA2206E-E3C0-48DC-8862-251FE2379043}.Debug|x64.Build.0 = Debug|x64
		{7AA2206E-E3C0-48DC-8862-251FE2379043}.Release|Win32.ActiveCfg = Release|Win32
		{7AA2206E-E3C0-48DC-8862-251FE2379043}.Release|Win32.Build.0 = Release|Win32
		{7AA2206E-E3C0-48DC-8862-251FE2379043}.Release|x64.ActiveCfg = Release|x64
		{7AA2206E-E3C0-48DC-8862-251FE2379043}.Release|x64.Build.0 = Release|x64
		{F4CE9D8E-9C9C-4E4F-9B6D-C95896A1BD25}.Debug|Win32.ActiveCfg = Debug|Win32
		{F4CE9D8E-9C9C-4E4F-9B6D-C95896A1BD25}.Debug|Win32.Build.0 = Debug|Win32
		{F4CE9D8E-9C9C-4E4F-9B6D-C95896A1BD25}.Debug|x64.ActiveCfg = Debug|x64
		{F4CE9D8E-9C9C-4E4F-9B6D-C95896A1BD25}.Debug|x64.Build.0 = Debug|x64
		{F4CE9D8E-9C9C-4E4F-9B6D-C95896A1BD25}.Release|Win32.ActiveCfg = Release|Win32
		{F4CE9D8E-9C9C-4E4F-9B6D-C95896A1BD25}.Release|Win32.Build.0 = Release|Win32
		{F4CE9D8E-9C9C-4E4F-9B6D-C95896A1BD25}.Release|x64.ActiveCfg = Release|x64
		{F4CE9D8E-9C9C-4E4F-9B6D-C95896A1BD25}.Release|x64.Build.0 = Release|x64
		{04E1428B-B6D1-4589-8CF2-F62ABB843B56}.Debug|Win32.ActiveCfg = Debug|Win32
		{04E1428B-B6D1-4589-8CF2-F62ABB843B56}.Debug|Win32.Build.0 = Debug|Win32
		{04E1428B-B6D1-4589-8CF2-F62ABB843B56}.Debug|x64.ActiveCfg = Debug|x64
		{04E1428B-B6D1-4589-8CF2-F62ABB843B56}.Debug|x64.Build.0 = Debug|x64
		{04E1428B-B6D1-4589-8CF2-F62ABB843B56}.Release|Win32.ActiveCfg = Release|Win32
		{04E1428B-B6D1-4589-8CF2-F62ABB843B56}.Release|Win32.Build.0 = Release|Win32
		{04E1428B-B6D1-4589-8CF2-F62ABB843B56}.Release|x64.ActiveCfg = Release|x64
		{04E1428B-B6D1-4589-8CF2-F62ABB843B56}.Release|x64.Build.0 = Release|x64
		{C16948BC-2E7E-41A2-B205-1EF612617D35}.Debug|Win32.ActiveCfg = Debug|Win32
		{C16948BC-2E7E-41A2-B205-1EF612617D35}.Debug|Win32.Build.0 = Debug|Win32
		{C16948BC-2E7E-41A2-B205-1EF612617D35}.Debug|x64.ActiveCfg = Debug|x64
		{C16948BC-2E7E-41A2-B205-1EF612617D35}.Debug|x64.Build.0 = Debug|x64
		{C16948BC-2E7E-41A2-B205-1EF612617D35}.Release|Win32.ActiveCfg = Release|Win32
		{C16948BC-2E7E-41A2-B205-1EF612617D35}.Release|Win32.Build.0 = Release|Win32
		{C16948BC-2E7E-41A2-B205-1EF612617D35}.Release|x64.ActiveCfg = Release|x64
		{C16948BC-2E7E-41A2-B205-1EF612617D35}.Release|x64.Build.0 = Release|x64
		{4E43CFDB-AF6E-4151-9D89-3B0D9013C420}.Debug|Win32.ActiveCfg = Debug|Win32
		{4E43CFDB-AF6E-4151-9D89-3B0D9013C420}.Debug|Win32.Build.0 = Debug|Win32
		{4E43CFDB-AF6E-4151-9D89-3B0D9013C420}.Debug|x64.ActiveCfg = Debug|x64
		{4E43CFDB-AF6E-4151-9D89-3B0D9013C420}.Debug|x64.Build.0 = Debug|x64
		{4E43CFDB-AF6E-4151-9D89-3B0D9013C420}.Release|Win32.ActiveCfg = Release|Win32
		{4E43CFDB-AF6E-4151-9D89-3B0D9013C420}.Release|Win32.Build.0 = Release|Win32
		{4E43CFDB-AF6E-4151-9D89-3B0D9013C420}.Release|x64.ActiveCfg = Release|x64
		{4E43CFDB-AF6E-4151-9D89-3B0D9013C420}.Release|x64.Build.0 = Release|x64
		{2D11FB48-F911-429E-977F-A6A749CC73DC}.Debug|Win32.ActiveCfg = Debug|Win32
		{2D11FB48-F911-429E-977F-A6A749CC73DC}.Debug|Win32.Build.0 = Debug|Win32
		{2D11FB48-F911-429E-977F-A6A749CC73DC}.Debug|x64.ActiveCfg = Debug|x64
		{2D11FB48-F911-429E-977F-A6A749CC73DC}.Debug|x64.Build.0 = Debug|x64
		{2D11FB48-F911-429E-977F-A6A749CC73DC}.Release|Win32.ActiveCfg = Release|Win32
		{2D11FB48-F911-429E-977F-A6A749CC73DC}.Release|Win32.Build.0 = Release|Win32
		{2D11FB48-F911-429E-977F-A6A749CC73DC}.Release|x64.ActiveCfg = Release|x64
		{2D11FB48-F911-429E-977F-A6A749CC73DC}.Release|x64.Build.0 = Release|x64
		{D26EA256-4D74-468B-9910-C33AA416CDAE}.Debug|Win32.ActiveCfg = Debug|Win32
		{D26EA256-4D74-468B-9910-C33AA416CDAE}.Debug|Win32.Build.0 = Debug|Win32
		{D26EA256-4D74-468B-9910-C33AA416CDAE}.Debug|x64.ActiveCfg = Debug|x64
		{D26EA256-4D74-468B-9910-C33AA416CDAE}.Debug|x64.Build.0 = Debug|x64
		{D26EA256-4D74-468B-9910-C33AA416CDAE}.Release|Win32.ActiveCfg = Release|Win32
		{D26EA256-4D74-468B-9910-C33AA416CDAE}.Release|Win32.Build.0 = Release|Win32
		{D26EA256-4D74-468B-9910-C33AA416CDAE}.Release|x64.ActiveCfg = Release|x64
		{D26EA256-4D74-468B-9910-C33AA416CDAE}.Release|x64.Build.0 = Release|x64
		{8D6CC3B0-106F-4A53-B797-4D607BC2FFAE}.Debug|Win32.ActiveCfg = Debug|Win32
		{8D6CC3B0-106F-4A53-B797-4D607BC2FFAE}.Debug|Win32.Build.0 = Debug|Win32
		{8D6CC3B0-106F-4A53-B797-4D607BC2FFAE}.Debug|x64.ActiveCfg = Debug|x64
		{8D6CC3B0-106F-4A53-B797-4D607BC2FFAE}.Debug|x64.Build.0 = Debug|x64
		{8D6CC3B0-106F-4A53-B797-4D607BC2FFAE}.Release|Win32.ActiveCfg = Release|Win32
		{8D6CC3B0-106F-4A53-B797-4D607BC2FFAE}.Release|Win32.Build.0 = Release|Win32
		{8D6CC3B0-106F-4A53-B797-4D607BC2FFAE}.Release|x64.ActiveCfg = Release|x64
		{8D6CC3B0-106F-4A53-B797-4D607BC2FFAE}.Release|x64.Build.0 = Release|x64
		{065705F5-CA48-43BC-BA2D-542649D3EEC5}.Debug|Win32.ActiveCfg = Debug|Win32
		{065705F5-CA48-43BC-BA2D-542649D3EEC5}.Debug|Win32.Build.0 = Debug|Win32
		{065705F5-CA48-43BC-BA2D-542649D3EEC5}.Debug|x64.ActiveCfg = Debug|x64
		{065705F5-CA48-43BC-BA2D-542649D3EEC5}.Debug|x64.Build.0 = Debug|x64
		{065705F5-CA48-43BC-BA2D-542649D3EEC5}.Release|Win32.ActiveCfg = Release|Win32
		{065705F5-CA48-43BC-BA2D-542649D3EEC5}.Release|Win32.Build.0 = Release|Win32
		{065705F5-CA48-43BC-BA2D-542649D3EEC5}.Release|x64.ActiveCfg = Release|x64
		{065705F5-CA48-43BC-BA2D-542649D3EEC5}.Release|x64.Build.0 = Release|x64
		{590DCC6F-59CA-4ACB-AB71-25B8B04FD7BB}.Debug|Win32.ActiveCfg = Debug|Win32
		{590DCC6F-59CA-4ACB-AB71-25B8B04FD7BB}.Debug|Win32.Build.0 = Debug|Win32
		{590DCC6F-59CA-4ACB-AB71-25B8B04FD7BB}.Debug|x64.ActiveCfg = Debug|x64
		{590DCC6F-59CA-4ACB-AB71-25B8B04FD7BB}.Debug|x64.Build.0 = Debug|x64
		{590DCC6F-59CA-4ACB-AB71-25B8B04FD7BB}.Release|Win32.ActiveCfg = Release|Win32
		{590DCC6F-59CA-4ACB-AB71-25B8B04FD7BB}.Release|Win32.Build.0 = Release|Win32
		{590DCC6F-59CA-4ACB-AB71-25B8B04FD7BB}.Release|x64.ActiveCfg = Release|x64
		{590DCC6F-59CA-4ACB-AB71-25B8B04FD7BB}.Release|x64.Build.0 = Release|x64
	EndGlobalSection
EndGlobal
