
Microsoft Visual Studio Solution File, Format Version 12.00
Project("{8BC9CEB8-8B4A-11D0-8D11-00A0C91BC942}") = "_02_Development_Environment", "_02_Development_Environment\_02_Development_Environment.vcxproj", "{F61D4547-73EB-46A4-9ADA-E22742FA579A}"
EndProject
Project("{8BC9CEB8-8B4A-11D0-8D11-00A0C91BC942}") = "_03_Base_Code", "_03_Base_Code\_03_Base_Code.vcxproj", "{F61D4547-73EB-46A4-9ADA-E22742FA579A}"
EndProject
Project("{8BC9CEB8-8B4A-11D0-8D11-00A0C91BC942}") = "_04_Instance", "_04_Instance\_04_Instance.vcxproj", "{29323D26-1E63-4CFE-BA97-412F29AF3264}"
EndProject
Project("{8BC9CEB8-8B4A-11D0-8D11-00A0C91BC942}") = "_05_Validation_Layers", "_05_Validation_Layers\_05_Validation_Layers.vcxproj", "{88F50417-CE01-47B2-A397-060C7221DA63}"
EndProject
Project("{8BC9CEB8-8B4A-11D0-8D11-00A0C91BC942}") = "_0501_Refactor_Validation_Layer", "_0501_Refactor_Validation_Layer\_0501_Refactor_Validation_Layer.vcxproj", "{E03B9CF2-3D92-4742-956D-92FF4DEBCE61}"
EndProject
Global
	GlobalSection(SolutionConfigurationPlatforms) = preSolution
		Debug|Win32 = Debug|Win32
		Debug|x64 = Debug|x64
		Release|Win32 = Release|Win32
		Release|x64 = Release|x64
	EndGlobalSection
	GlobalSection(ProjectConfigurationPlatforms) = postSolution
		{F61D4547-73EB-46A4-9ADA-E22742FA579A}.Debug|Win32.ActiveCfg = Debug|Win32
		{F61D4547-73EB-46A4-9ADA-E22742FA579A}.Debug|Win32.Build.0 = Debug|Win32
		{F61D4547-73EB-46A4-9ADA-E22742FA579A}.Debug|x64.ActiveCfg = Debug|x64
		{F61D4547-73EB-46A4-9ADA-E22742FA579A}.Debug|x64.Build.0 = Debug|x64
		{F61D4547-73EB-46A4-9ADA-E22742FA579A}.Release|Win32.ActiveCfg = Release|Win32
		{F61D4547-73EB-46A4-9ADA-E22742FA579A}.Release|Win32.Build.0 = Release|Win32
		{F61D4547-73EB-46A4-9ADA-E22742FA579A}.Release|x64.ActiveCfg = Release|x64
		{F61D4547-73EB-46A4-9ADA-E22742FA579A}.Release|x64.Build.0 = Release|x64
		{29323D26-1E63-4CFE-BA97-412F29AF3264}.Debug|Win32.ActiveCfg = Debug|Win32
		{29323D26-1E63-4CFE-BA97-412F29AF3264}.Debug|Win32.Build.0 = Debug|Win32
		{29323D26-1E63-4CFE-BA97-412F29AF3264}.Debug|x64.ActiveCfg = Debug|x64
		{29323D26-1E63-4CFE-BA97-412F29AF3264}.Debug|x64.Build.0 = Debug|x64
		{29323D26-1E63-4CFE-BA97-412F29AF3264}.Release|Win32.ActiveCfg = Release|Win32
		{29323D26-1E63-4CFE-BA97-412F29AF3264}.Release|Win32.Build.0 = Release|Win32
		{29323D26-1E63-4CFE-BA97-412F29AF3264}.Release|x64.ActiveCfg = Release|x64
		{29323D26-1E63-4CFE-BA97-412F29AF3264}.Release|x64.Build.0 = Release|x64
		{88F50417-CE01-47B2-A397-060C7221DA63}.Debug|Win32.ActiveCfg = Debug|Win32
		{88F50417-CE01-47B2-A397-060C7221DA63}.Debug|Win32.Build.0 = Debug|Win32
		{88F50417-CE01-47B2-A397-060C7221DA63}.Debug|x64.ActiveCfg = Debug|x64
		{88F50417-CE01-47B2-A397-060C7221DA63}.Debug|x64.Build.0 = Debug|x64
		{88F50417-CE01-47B2-A397-060C7221DA63}.Release|Win32.ActiveCfg = Release|Win32
		{88F50417-CE01-47B2-A397-060C7221DA63}.Release|Win32.Build.0 = Release|Win32
		{88F50417-CE01-47B2-A397-060C7221DA63}.Release|x64.ActiveCfg = Release|x64
		{88F50417-CE01-47B2-A397-060C7221DA63}.Release|x64.Build.0 = Release|x64
		{E03B9CF2-3D92-4742-956D-92FF4DEBCE61}.Debug|Win32.ActiveCfg = Debug|Win32
		{E03B9CF2-3D92-4742-956D-92FF4DEBCE61}.Debug|Win32.Build.0 = Debug|Win32
		{E03B9CF2-3D92-4742-956D-92FF4DEBCE61}.Debug|x64.ActiveCfg = Debug|x64
		{E03B9CF2-3D92-4742-956D-92FF4DEBCE61}.Debug|x64.Build.0 = Debug|x64
		{E03B9CF2-3D92-4742-956D-92FF4DEBCE61}.Release|Win32.ActiveCfg = Release|Win32
		{E03B9CF2-3D92-4742-956D-92FF4DEBCE61}.Release|Win32.Build.0 = Release|Win32
		{E03B9CF2-3D92-4742-956D-92FF4DEBCE61}.Release|x64.ActiveCfg = Release|x64
		{E03B9CF2-3D92-4742-956D-92FF4DEBCE61}.Release|x64.Build.0 = Release|x64
	EndGlobalSection
EndGlobal
